
Microsoft Visual Studio Solution File, Format Version 12.00
# Visual Studio Version 16
VisualStudioVersion = 16.0.29509.3
MinimumVisualStudioVersion = 10.0.40219.1
Project("{8BC9CEB8-8B4A-11D0-8D11-00A0C91BC942}") = "repair_Ramnit", "repair_Ramnit\repair_Ramnit.vcxproj", "{FD697695-A933-427A-9563-0E133E1F0A42}"
EndProject
Global
	GlobalSection(SolutionConfigurationPlatforms) = preSolution
		Debug|x64 = Debug|x64
		Debug|x86 = Debug|x86
		Release|x64 = Release|x64
		Release|x86 = Release|x86
	EndGlobalSection
	GlobalSection(ProjectConfigurationPlatforms) = postSolution
		{FD697695-A933-427A-9563-0E133E1F0A42}.Debug|x64.ActiveCfg = Debug|x64
		{FD697695-A933-427A-9563-0E133E1F0A42}.Debug|x64.Build.0 = Debug|x64
		{FD697695-A933-427A-9563-0E133E1F0A42}.Debug|x86.ActiveCfg = Debug|Win32
		{FD697695-A933-427A-9563-0E133E1F0A42}.Debug|x86.Build.0 = Debug|Win32
		{FD697695-A933-427A-9563-0E133E1F0A42}.Release|x64.ActiveCfg = Release|x64
		{FD697695-A933-427A-9563-0E133E1F0A42}.Release|x64.Build.0 = Release|x64
		{FD697695-A933-427A-9563-0E133E1F0A42}.Release|x86.ActiveCfg = Release|Win32
		{FD697695-A933-427A-9563-0E133E1F0A42}.Release|x86.Build.0 = Release|Win32
	EndGlobalSection
	GlobalSection(SolutionProperties) = preSolution
		HideSolutionNode = FALSE
	EndGlobalSection
	GlobalSection(ExtensibilityGlobals) = postSolution
		SolutionGuid = {1FABB055-A280-4B9F-9BFF-440C0C5E9A8C}
	EndGlobalSection
EndGlobal
